// !$*UTF8*$!
{
	archiveVersion = 1;
	classes = {
	};
	objectVersion = 56;
	objects = {

/* Begin PBXBuildFile section */
		7D48659D2934FB1600CAFF84 /* StoreAppApp.swift in Sources */ = {isa = PBXBuildFile; fileRef = 7D48659C2934FB1600CAFF84 /* StoreAppApp.swift */; };
		7D4865A12934FB1700CAFF84 /* Assets.xcassets in Resources */ = {isa = PBXBuildFile; fileRef = 7D4865A02934FB1700CAFF84 /* Assets.xcassets */; };
		7D4865A42934FB1700CAFF84 /* Preview Assets.xcassets in Resources */ = {isa = PBXBuildFile; fileRef = 7D4865A32934FB1700CAFF84 /* Preview Assets.xcassets */; };
		7D4865AC2934FBFB00CAFF84 /* URL+Extensions.swift in Sources */ = {isa = PBXBuildFile; fileRef = 7D4865AB2934FBFB00CAFF84 /* URL+Extensions.swift */; };
		7D4865AF2934FD3C00CAFF84 /* StoreHTTPClient.swift in Sources */ = {isa = PBXBuildFile; fileRef = 7D4865AE2934FD3C00CAFF84 /* StoreHTTPClient.swift */; };
		7D4865B22934FDB900CAFF84 /* Category.swift in Sources */ = {isa = PBXBuildFile; fileRef = 7D4865B12934FDB900CAFF84 /* Category.swift */; };
		7D4865B42934FF4400CAFF84 /* StoreModel.swift in Sources */ = {isa = PBXBuildFile; fileRef = 7D4865B32934FF4400CAFF84 /* StoreModel.swift */; };
		7D4865B7293500AB00CAFF84 /* CategoryListScreen.swift in Sources */ = {isa = PBXBuildFile; fileRef = 7D4865B6293500AB00CAFF84 /* CategoryListScreen.swift */; };
		7D4865B92937D4C600CAFF84 /* Product.swift in Sources */ = {isa = PBXBuildFile; fileRef = 7D4865B82937D4C600CAFF84 /* Product.swift */; };
		7D4865BB2937D74300CAFF84 /* ProductListScreen.swift in Sources */ = {isa = PBXBuildFile; fileRef = 7D4865BA2937D74300CAFF84 /* ProductListScreen.swift */; };
		7D4865BE2937DB9A00CAFF84 /* ProductCellView.swift in Sources */ = {isa = PBXBuildFile; fileRef = 7D4865BD2937DB9A00CAFF84 /* ProductCellView.swift */; };
		7D4865C02937DDB600CAFF84 /* Locale+Extensions.swift in Sources */ = {isa = PBXBuildFile; fileRef = 7D4865BF2937DDB600CAFF84 /* Locale+Extensions.swift */; };
/* End PBXBuildFile section */

/* Begin PBXFileReference section */
		7D4865992934FB1600CAFF84 /* StoreApp.app */ = {isa = PBXFileReference; explicitFileType = wrapper.application; includeInIndex = 0; path = StoreApp.app; sourceTree = BUILT_PRODUCTS_DIR; };
		7D48659C2934FB1600CAFF84 /* StoreAppApp.swift */ = {isa = PBXFileReference; lastKnownFileType = sourcecode.swift; path = StoreAppApp.swift; sourceTree = "<group>"; };
		7D4865A02934FB1700CAFF84 /* Assets.xcassets */ = {isa = PBXFileReference; lastKnownFileType = folder.assetcatalog; path = Assets.xcassets; sourceTree = "<group>"; };
		7D4865A32934FB1700CAFF84 /* Preview Assets.xcassets */ = {isa = PBXFileReference; lastKnownFileType = folder.assetcatalog; path = "Preview Assets.xcassets"; sourceTree = "<group>"; };
		7D4865AB2934FBFB00CAFF84 /* URL+Extensions.swift */ = {isa = PBXFileReference; lastKnownFileType = sourcecode.swift; path = "URL+Extensions.swift"; sourceTree = "<group>"; };
		7D4865AE2934FD3C00CAFF84 /* StoreHTTPClient.swift */ = {isa = PBXFileReference; lastKnownFileType = sourcecode.swift; path = StoreHTTPClient.swift; sourceTree = "<group>"; };
		7D4865B12934FDB900CAFF84 /* Category.swift */ = {isa = PBXFileReference; lastKnownFileType = sourcecode.swift; path = Category.swift; sourceTree = "<group>"; };
		7D4865B32934FF4400CAFF84 /* StoreModel.swift */ = {isa = PBXFileReference; lastKnownFileType = sourcecode.swift; path = StoreModel.swift; sourceTree = "<group>"; };
		7D4865B6293500AB00CAFF84 /* CategoryListScreen.swift */ = {isa = PBXFileReference; lastKnownFileType = sourcecode.swift; path = CategoryListScreen.swift; sourceTree = "<group>"; };
		7D4865B82937D4C600CAFF84 /* Product.swift */ = {isa = PBXFileReference; lastKnownFileType = sourcecode.swift; path = Product.swift; sourceTree = "<group>"; };
		7D4865BA2937D74300CAFF84 /* ProductListScreen.swift */ = {isa = PBXFileReference; lastKnownFileType = sourcecode.swift; path = ProductListScreen.swift; sourceTree = "<group>"; };
		7D4865BD2937DB9A00CAFF84 /* ProductCellView.swift */ = {isa = PBXFileReference; lastKnownFileType = sourcecode.swift; path = ProductCellView.swift; sourceTree = "<group>"; };
		7D4865BF2937DDB600CAFF84 /* Locale+Extensions.swift */ = {isa = PBXFileReference; lastKnownFileType = sourcecode.swift; path = "Locale+Extensions.swift"; sourceTree = "<group>"; };
/* End PBXFileReference section */

/* Begin PBXFrameworksBuildPhase section */
		7D4865962934FB1600CAFF84 /* Frameworks */ = {
			isa = PBXFrameworksBuildPhase;
			buildActionMask = 2147483647;
			files = (
			);
			runOnlyForDeploymentPostprocessing = 0;
		};
/* End PBXFrameworksBuildPhase section */

/* Begin PBXGroup section */
		7D4865902934FB1600CAFF84 = {
			isa = PBXGroup;
			children = (
				7D48659B2934FB1600CAFF84 /* StoreApp */,
				7D48659A2934FB1600CAFF84 /* Products */,
			);
			sourceTree = "<group>";
		};
		7D48659A2934FB1600CAFF84 /* Products */ = {
			isa = PBXGroup;
			children = (
				7D4865992934FB1600CAFF84 /* StoreApp.app */,
			);
			name = Products;
			sourceTree = "<group>";
		};
		7D48659B2934FB1600CAFF84 /* StoreApp */ = {
			isa = PBXGroup;
			children = (
				7D4865BC2937DB8C00CAFF84 /* Views */,
				7D4865B52935008A00CAFF84 /* Screens */,
				7D4865B02934FDAB00CAFF84 /* Models */,
				7D4865AD2934FD2E00CAFF84 /* Clients */,
				7D4865AA2934FBE100CAFF84 /* Extensions */,
				7D48659C2934FB1600CAFF84 /* StoreAppApp.swift */,
				7D4865A02934FB1700CAFF84 /* Assets.xcassets */,
				7D4865A22934FB1700CAFF84 /* Preview Content */,
			);
			path = StoreApp;
			sourceTree = "<group>";
		};
		7D4865A22934FB1700CAFF84 /* Preview Content */ = {
			isa = PBXGroup;
			children = (
				7D4865A32934FB1700CAFF84 /* Preview Assets.xcassets */,
			);
			path = "Preview Content";
			sourceTree = "<group>";
		};
		7D4865AA2934FBE100CAFF84 /* Extensions */ = {
			isa = PBXGroup;
			children = (
				7D4865AB2934FBFB00CAFF84 /* URL+Extensions.swift */,
				7D4865BF2937DDB600CAFF84 /* Locale+Extensions.swift */,
			);
			path = Extensions;
			sourceTree = "<group>";
		};
		7D4865AD2934FD2E00CAFF84 /* Clients */ = {
			isa = PBXGroup;
			children = (
				7D4865AE2934FD3C00CAFF84 /* StoreHTTPClient.swift */,
			);
			path = Clients;
			sourceTree = "<group>";
		};
		7D4865B02934FDAB00CAFF84 /* Models */ = {
			isa = PBXGroup;
			children = (
				7D4865B12934FDB900CAFF84 /* Category.swift */,
				7D4865B32934FF4400CAFF84 /* StoreModel.swift */,
				7D4865B82937D4C600CAFF84 /* Product.swift */,
			);
			path = Models;
			sourceTree = "<group>";
		};
		7D4865B52935008A00CAFF84 /* Screens */ = {
			isa = PBXGroup;
			children = (
				7D4865B6293500AB00CAFF84 /* CategoryListScreen.swift */,
				7D4865BA2937D74300CAFF84 /* ProductListScreen.swift */,
			);
			path = Screens;
			sourceTree = "<group>";
		};
		7D4865BC2937DB8C00CAFF84 /* Views */ = {
			isa = PBXGroup;
			children = (
				7D4865BD2937DB9A00CAFF84 /* ProductCellView.swift */,
			);
			path = Views;
			sourceTree = "<group>";
		};
/* End PBXGroup section */

/* Begin PBXNativeTarget section */
		7D4865982934FB1600CAFF84 /* StoreApp */ = {
			isa = PBXNativeTarget;
			buildConfigurationList = 7D4865A72934FB1700CAFF84 /* Build configuration list for PBXNativeTarget "StoreApp" */;
			buildPhases = (
				7D4865952934FB1600CAFF84 /* Sources */,
				7D4865962934FB1600CAFF84 /* Frameworks */,
				7D4865972934FB1600CAFF84 /* Resources */,
			);
			buildRules = (
			);
			dependencies = (
			);
			name = StoreApp;
			productName = StoreApp;
			productReference = 7D4865992934FB1600CAFF84 /* StoreApp.app */;
			productType = "com.apple.product-type.application";
		};
/* End PBXNativeTarget section */

/* Begin PBXProject section */
		7D4865912934FB1600CAFF84 /* Project object */ = {
			isa = PBXProject;
			attributes = {
				BuildIndependentTargetsInParallel = 1;
				LastSwiftUpdateCheck = 1410;
				LastUpgradeCheck = 1410;
				TargetAttributes = {
					7D4865982934FB1600CAFF84 = {
						CreatedOnToolsVersion = 14.1;
					};
				};
			};
			buildConfigurationList = 7D4865942934FB1600CAFF84 /* Build configuration list for PBXProject "StoreApp" */;
			compatibilityVersion = "Xcode 14.0";
			developmentRegion = en;
			hasScannedForEncodings = 0;
			knownRegions = (
				en,
				Base,
			);
			mainGroup = 7D4865902934FB1600CAFF84;
			productRefGroup = 7D48659A2934FB1600CAFF84 /* Products */;
			projectDirPath = "";
			projectRoot = "";
			targets = (
				7D4865982934FB1600CAFF84 /* StoreApp */,
			);
		};
/* End PBXProject section */

/* Begin PBXResourcesBuildPhase section */
		7D4865972934FB1600CAFF84 /* Resources */ = {
			isa = PBXResourcesBuildPhase;
			buildActionMask = 2147483647;
			files = (
				7D4865A42934FB1700CAFF84 /* Preview Assets.xcassets in Resources */,
				7D4865A12934FB1700CAFF84 /* Assets.xcassets in Resources */,
			);
			runOnlyForDeploymentPostprocessing = 0;
		};
/* End PBXResourcesBuildPhase section */

/* Begin PBXSourcesBuildPhase section */
		7D4865952934FB1600CAFF84 /* Sources */ = {
			isa = PBXSourcesBuildPhase;
			buildActionMask = 2147483647;
			files = (
				7D4865AF2934FD3C00CAFF84 /* StoreHTTPClient.swift in Sources */,
				7D4865BE2937DB9A00CAFF84 /* ProductCellView.swift in Sources */,
				7D4865B22934FDB900CAFF84 /* Category.swift in Sources */,
				7D4865AC2934FBFB00CAFF84 /* URL+Extensions.swift in Sources */,
				7D48659D2934FB1600CAFF84 /* StoreAppApp.swift in Sources */,
				7D4865B7293500AB00CAFF84 /* CategoryListScreen.swift in Sources */,
				7D4865B42934FF4400CAFF84 /* StoreModel.swift in Sources */,
				7D4865B92937D4C600CAFF84 /* Product.swift in Sources */,
				7D4865BB2937D74300CAFF84 /* ProductListScreen.swift in Sources */,
				7D4865C02937DDB600CAFF84 /* Locale+Extensions.swift in Sources */,
			);
			runOnlyForDeploymentPostprocessing = 0;
		};
/* End PBXSourcesBuildPhase section */

/* Begin XCBuildConfiguration section */
		7D4865A52934FB1700CAFF84 /* Debug */ = {
			isa = XCBuildConfiguration;
			buildSettings = {
				ALWAYS_SEARCH_USER_PATHS = NO;
				CLANG_ANALYZER_NONNULL = YES;
				CLANG_ANALYZER_NUMBER_OBJECT_CONVERSION = YES_AGGRESSIVE;
				CLANG_CXX_LANGUAGE_STANDARD = "gnu++20";
				CLANG_ENABLE_MODULES = YES;
				CLANG_ENABLE_OBJC_ARC = YES;
				CLANG_ENABLE_OBJC_WEAK = YES;
				CLANG_WARN_BLOCK_CAPTURE_AUTORELEASING = YES;
				CLANG_WARN_BOOL_CONVERSION = YES;
				CLANG_WARN_COMMA = YES;
				CLANG_WARN_CONSTANT_CONVERSION = YES;
				CLANG_WARN_DEPRECATED_OBJC_IMPLEMENTATIONS = YES;
				CLANG_WARN_DIRECT_OBJC_ISA_USAGE = YES_ERROR;
				CLANG_WARN_DOCUMENTATION_COMMENTS = YES;
				CLANG_WARN_EMPTY_BODY = YES;
				CLANG_WARN_ENUM_CONVERSION = YES;
				CLANG_WARN_INFINITE_RECURSION = YES;
				CLANG_WARN_INT_CONVERSION = YES;
				CLANG_WARN_NON_LITERAL_NULL_CONVERSION = YES;
				CLANG_WARN_OBJC_IMPLICIT_RETAIN_SELF = YES;
				CLANG_WARN_OBJC_LITERAL_CONVERSION = YES;
				CLANG_WARN_OBJC_ROOT_CLASS = YES_ERROR;
				CLANG_WARN_QUOTED_INCLUDE_IN_FRAMEWORK_HEADER = YES;
				CLANG_WARN_RANGE_LOOP_ANALYSIS = YES;
				CLANG_WARN_STRICT_PROTOTYPES = YES;
				CLANG_WARN_SUSPICIOUS_MOVE = YES;
				CLANG_WARN_UNGUARDED_AVAILABILITY = YES_AGGRESSIVE;
				CLANG_WARN_UNREACHABLE_CODE = YES;
				CLANG_WARN__DUPLICATE_METHOD_MATCH = YES;
				COPY_PHASE_STRIP = NO;
				DEBUG_INFORMATION_FORMAT = dwarf;
				ENABLE_STRICT_OBJC_MSGSEND = YES;
				ENABLE_TESTABILITY = YES;
				GCC_C_LANGUAGE_STANDARD = gnu11;
				GCC_DYNAMIC_NO_PIC = NO;
				GCC_NO_COMMON_BLOCKS = YES;
				GCC_OPTIMIZATION_LEVEL = 0;
				GCC_PREPROCESSOR_DEFINITIONS = (
					"DEBUG=1",
					"$(inherited)",
				);
				GCC_WARN_64_TO_32_BIT_CONVERSION = YES;
				GCC_WARN_ABOUT_RETURN_TYPE = YES_ERROR;
				GCC_WARN_UNDECLARED_SELECTOR = YES;
				GCC_WARN_UNINITIALIZED_AUTOS = YES_AGGRESSIVE;
				GCC_WARN_UNUSED_FUNCTION = YES;
				GCC_WARN_UNUSED_VARIABLE = YES;
				IPHONEOS_DEPLOYMENT_TARGET = 16.1;
				MTL_ENABLE_DEBUG_INFO = INCLUDE_SOURCE;
				MTL_FAST_MATH = YES;
				ONLY_ACTIVE_ARCH = YES;
				SDKROOT = iphoneos;
				SWIFT_ACTIVE_COMPILATION_CONDITIONS = DEBUG;
				SWIFT_OPTIMIZATION_LEVEL = "-Onone";
			};
			name = Debug;
		};
		7D4865A62934FB1700CAFF84 /* Release */ = {
			isa = XCBuildConfiguration;
			buildSettings = {
				ALWAYS_SEARCH_USER_PATHS = NO;
				CLANG_ANALYZER_NONNULL = YES;
				CLANG_ANALYZER_NUMBER_OBJECT_CONVERSION = YES_AGGRESSIVE;
				CLANG_CXX_LANGUAGE_STANDARD = "gnu++20";
				CLANG_ENABLE_MODULES = YES;
				CLANG_ENABLE_OBJC_ARC = YES;
				CLANG_ENABLE_OBJC_WEAK = YES;
				CLANG_WARN_BLOCK_CAPTURE_AUTORELEASING = YES;
				CLANG_WARN_BOOL_CONVERSION = YES;
				CLANG_WARN_COMMA = YES;
				CLANG_WARN_CONSTANT_CONVERSION = YES;
				CLANG_WARN_DEPRECATED_OBJC_IMPLEMENTATIONS = YES;
				CLANG_WARN_DIRECT_OBJC_ISA_USAGE = YES_ERROR;
				CLANG_WARN_DOCUMENTATION_COMMENTS = YES;
				CLANG_WARN_EMPTY_BODY = YES;
				CLANG_WARN_ENUM_CONVERSION = YES;
				CLANG_WARN_INFINITE_RECURSION = YES;
				CLANG_WARN_INT_CONVERSION = YES;
				CLANG_WARN_NON_LITERAL_NULL_CONVERSION = YES;
				CLANG_WARN_OBJC_IMPLICIT_RETAIN_SELF = YES;
				CLANG_WARN_OBJC_LITERAL_CONVERSION = YES;
				CLANG_WARN_OBJC_ROOT_CLASS = YES_ERROR;
				CLANG_WARN_QUOTED_INCLUDE_IN_FRAMEWORK_HEADER = YES;
				CLANG_WARN_RANGE_LOOP_ANALYSIS = YES;
				CLANG_WARN_STRICT_PROTOTYPES = YES;
				CLANG_WARN_SUSPICIOUS_MOVE = YES;
				CLANG_WARN_UNGUARDED_AVAILABILITY = YES_AGGRESSIVE;
				CLANG_WARN_UNREACHABLE_CODE = YES;
				CLANG_WARN__DUPLICATE_METHOD_MATCH = YES;
				COPY_PHASE_STRIP = NO;
				DEBUG_INFORMATION_FORMAT = "dwarf-with-dsym";
				ENABLE_NS_ASSERTIONS = NO;
				ENABLE_STRICT_OBJC_MSGSEND = YES;
				GCC_C_LANGUAGE_STANDARD = gnu11;
				GCC_NO_COMMON_BLOCKS = YES;
				GCC_WARN_64_TO_32_BIT_CONVERSION = YES;
				GCC_WARN_ABOUT_RETURN_TYPE = YES_ERROR;
				GCC_WARN_UNDECLARED_SELECTOR = YES;
				GCC_WARN_UNINITIALIZED_AUTOS = YES_AGGRESSIVE;
				GCC_WARN_UNUSED_FUNCTION = YES;
				GCC_WARN_UNUSED_VARIABLE = YES;
				IPHONEOS_DEPLOYMENT_TARGET = 16.1;
				MTL_ENABLE_DEBUG_INFO = NO;
				MTL_FAST_MATH = YES;
				SDKROOT = iphoneos;
				SWIFT_COMPILATION_MODE = wholemodule;
				SWIFT_OPTIMIZATION_LEVEL = "-O";
				VALIDATE_PRODUCT = YES;
			};
			name = Release;
		};
		7D4865A82934FB1700CAFF84 /* Debug */ = {
			isa = XCBuildConfiguration;
			buildSettings = {
				ASSETCATALOG_COMPILER_APPICON_NAME = AppIcon;
				ASSETCATALOG_COMPILER_GLOBAL_ACCENT_COLOR_NAME = AccentColor;
				CODE_SIGN_STYLE = Automatic;
				CURRENT_PROJECT_VERSION = 1;
				DEVELOPMENT_ASSET_PATHS = "\"StoreApp/Preview Content\"";
				DEVELOPMENT_TEAM = F6DD9R57FP;
				ENABLE_PREVIEWS = YES;
				GENERATE_INFOPLIST_FILE = YES;
				INFOPLIST_KEY_UIApplicationSceneManifest_Generation = YES;
				INFOPLIST_KEY_UIApplicationSupportsIndirectInputEvents = YES;
				INFOPLIST_KEY_UILaunchScreen_Generation = YES;
				INFOPLIST_KEY_UISupportedInterfaceOrientations_iPad = "UIInterfaceOrientationPortrait UIInterfaceOrientationPortraitUpsideDown UIInterfaceOrientationLandscapeLeft UIInterfaceOrientationLandscapeRight";
				INFOPLIST_KEY_UISupportedInterfaceOrientations_iPhone = "UIInterfaceOrientationPortrait UIInterfaceOrientationLandscapeLeft UIInterfaceOrientationLandscapeRight";
				LD_RUNPATH_SEARCH_PATHS = (
					"$(inherited)",
					"@executable_path/Frameworks",
				);
				MARKETING_VERSION = 1.0;
				PRODUCT_BUNDLE_IDENTIFIER = com.atakankmrc.StoreApp;
				PRODUCT_NAME = "$(TARGET_NAME)";
				SWIFT_EMIT_LOC_STRINGS = YES;
				SWIFT_VERSION = 5.0;
				TARGETED_DEVICE_FAMILY = "1,2";
			};
			name = Debug;
		};
		7D4865A92934FB1700CAFF84 /* Release */ = {
			isa = XCBuildConfiguration;
			buildSettings = {
				ASSETCATALOG_COMPILER_APPICON_NAME = AppIcon;
				ASSETCATALOG_COMPILER_GLOBAL_ACCENT_COLOR_NAME = AccentColor;
				CODE_SIGN_STYLE = Automatic;
				CURRENT_PROJECT_VERSION = 1;
				DEVELOPMENT_ASSET_PATHS = "\"StoreApp/Preview Content\"";
				DEVELOPMENT_TEAM = F6DD9R57FP;
				ENABLE_PREVIEWS = YES;
				GENERATE_INFOPLIST_FILE = YES;
				INFOPLIST_KEY_UIApplicationSceneManifest_Generation = YES;
				INFOPLIST_KEY_UIApplicationSupportsIndirectInputEvents = YES;
				INFOPLIST_KEY_UILaunchScreen_Generation = YES;
				INFOPLIST_KEY_UISupportedInterfaceOrientations_iPad = "UIInterfaceOrientationPortrait UIInterfaceOrientationPortraitUpsideDown UIInterfaceOrientationLandscapeLeft UIInterfaceOrientationLandscapeRight";
				INFOPLIST_KEY_UISupportedInterfaceOrientations_iPhone = "UIInterfaceOrientationPortrait UIInterfaceOrientationLandscapeLeft UIInterfaceOrientationLandscapeRight";
				LD_RUNPATH_SEARCH_PATHS = (
					"$(inherited)",
					"@executable_path/Frameworks",
				);
				MARKETING_VERSION = 1.0;
				PRODUCT_BUNDLE_IDENTIFIER = com.atakankmrc.StoreApp;
				PRODUCT_NAME = "$(TARGET_NAME)";
				SWIFT_EMIT_LOC_STRINGS = YES;
				SWIFT_VERSION = 5.0;
				TARGETED_DEVICE_FAMILY = "1,2";
			};
			name = Release;
		};
/* End XCBuildConfiguration section */

/* Begin XCConfigurationList section */
		7D4865942934FB1600CAFF84 /* Build configuration list for PBXProject "StoreApp" */ = {
			isa = XCConfigurationList;
			buildConfigurations = (
				7D4865A52934FB1700CAFF84 /* Debug */,
				7D4865A62934FB1700CAFF84 /* Release */,
			);
			defaultConfigurationIsVisible = 0;
			defaultConfigurationName = Release;
		};
		7D4865A72934FB1700CAFF84 /* Build configuration list for PBXNativeTarget "StoreApp" */ = {
			isa = XCConfigurationList;
			buildConfigurations = (
				7D4865A82934FB1700CAFF84 /* Debug */,
				7D4865A92934FB1700CAFF84 /* Release */,
			);
			defaultConfigurationIsVisible = 0;
			defaultConfigurationName = Release;
		};
/* End XCConfigurationList section */
	};
	rootObject = 7D4865912934FB1600CAFF84 /* Project object */;
}
